
Microsoft Visual Studio Solution File, Format Version 12.00
# Visual Studio Version 16
VisualStudioVersion = 16.0.31624.102
MinimumVisualStudioVersion = 10.0.40219.1
Project("{F184B08F-C81C-45F6-A57F-5ABD9991F28F}") = "Guardar_Ficheros", "Guardar_Ficheros\Guardar_Ficheros.vbproj", "{220AC73C-4335-4797-8DEA-323A2F824379}"
EndProject
Global
	GlobalSection(SolutionConfigurationPlatforms) = preSolution
		Debug|Any CPU = Debug|Any CPU
		Release|Any CPU = Release|Any CPU
	EndGlobalSection
	GlobalSection(ProjectConfigurationPlatforms) = postSolution
		{220AC73C-4335-4797-8DEA-323A2F824379}.Debug|Any CPU.ActiveCfg = Debug|Any CPU
		{220AC73C-4335-4797-8DEA-323A2F824379}.Debug|Any CPU.Build.0 = Debug|Any CPU
		{220AC73C-4335-4797-8DEA-323A2F824379}.Release|Any CPU.ActiveCfg = Release|Any CPU
		{220AC73C-4335-4797-8DEA-323A2F824379}.Release|Any CPU.Build.0 = Release|Any CPU
	EndGlobalSection
	GlobalSection(SolutionProperties) = preSolution
		HideSolutionNode = FALSE
	EndGlobalSection
	GlobalSection(ExtensibilityGlobals) = postSolution
		SolutionGuid = {C9D0E653-35A4-47BF-8F1D-2C8F51956128}
	EndGlobalSection
EndGlobal
