
Microsoft Visual Studio Solution File, Format Version 12.00
# Visual Studio Version 16
VisualStudioVersion = 16.0.31624.102
MinimumVisualStudioVersion = 10.0.40219.1
Project("{F184B08F-C81C-45F6-A57F-5ABD9991F28F}") = "Boletin_Tema7_Arrays.list", "Boletin_Tema7_Arrays.list\Boletin_Tema7_Arrays.list.vbproj", "{A3F861FC-06F0-42EE-BAF4-EBF8B07B58A4}"
EndProject
Global
	GlobalSection(SolutionConfigurationPlatforms) = preSolution
		Debug|Any CPU = Debug|Any CPU
		Release|Any CPU = Release|Any CPU
	EndGlobalSection
	GlobalSection(ProjectConfigurationPlatforms) = postSolution
		{A3F861FC-06F0-42EE-BAF4-EBF8B07B58A4}.Debug|Any CPU.ActiveCfg = Debug|Any CPU
		{A3F861FC-06F0-42EE-BAF4-EBF8B07B58A4}.Debug|Any CPU.Build.0 = Debug|Any CPU
		{A3F861FC-06F0-42EE-BAF4-EBF8B07B58A4}.Release|Any CPU.ActiveCfg = Release|Any CPU
		{A3F861FC-06F0-42EE-BAF4-EBF8B07B58A4}.Release|Any CPU.Build.0 = Release|Any CPU
	EndGlobalSection
	GlobalSection(SolutionProperties) = preSolution
		HideSolutionNode = FALSE
	EndGlobalSection
	GlobalSection(ExtensibilityGlobals) = postSolution
		SolutionGuid = {CC087637-20B2-41EA-908D-9218C92666D9}
	EndGlobalSection
EndGlobal
